// !$*UTF8*$!
{
	archiveVersion = 1;
	classes = {
	};
	objectVersion = 46;
	objects = {

/* Begin PBXBuildFile section */
		046C24B61C9C1EBB0047D011 /* AppDelegate.swift in Sources */ = {isa = PBXBuildFile; fileRef = 046C24B51C9C1EBB0047D011 /* AppDelegate.swift */; };
		046C24B81C9C1EBB0047D011 /* ViewController.swift in Sources */ = {isa = PBXBuildFile; fileRef = 046C24B71C9C1EBB0047D011 /* ViewController.swift */; };
		046C24BB1C9C1EBB0047D011 /* Main.storyboard in Resources */ = {isa = PBXBuildFile; fileRef = 046C24B91C9C1EBB0047D011 /* Main.storyboard */; };
		046C24BD1C9C1EBB0047D011 /* Assets.xcassets in Resources */ = {isa = PBXBuildFile; fileRef = 046C24BC1C9C1EBB0047D011 /* Assets.xcassets */; };
		046C24C01C9C1EBB0047D011 /* LaunchScreen.storyboard in Resources */ = {isa = PBXBuildFile; fileRef = 046C24BE1C9C1EBB0047D011 /* LaunchScreen.storyboard */; };
		046C24C81C9C1F8F0047D011 /* Auto.swift in Sources */ = {isa = PBXBuildFile; fileRef = 046C24C71C9C1F8F0047D011 /* Auto.swift */; };
		046C24CA1C9C1FBC0047D011 /* Engine.swift in Sources */ = {isa = PBXBuildFile; fileRef = 046C24C91C9C1FBC0047D011 /* Engine.swift */; };
		046C24CC1C9C1FD20047D011 /* Axis.swift in Sources */ = {isa = PBXBuildFile; fileRef = 046C24CB1C9C1FD20047D011 /* Axis.swift */; };
		046C24CE1C9C1FE50047D011 /* Wheel.swift in Sources */ = {isa = PBXBuildFile; fileRef = 046C24CD1C9C1FE50047D011 /* Wheel.swift */; };
		046C24D01C9C20D10047D011 /* Rotateble.swift in Sources */ = {isa = PBXBuildFile; fileRef = 046C24CF1C9C20D10047D011 /* Rotateble.swift */; };
		046C24D21C9C21020047D011 /* EngineInput.swift in Sources */ = {isa = PBXBuildFile; fileRef = 046C24D11C9C21020047D011 /* EngineInput.swift */; };
		046C24D61C9C214A0047D011 /* AxisOutput.swift in Sources */ = {isa = PBXBuildFile; fileRef = 046C24D51C9C214A0047D011 /* AxisOutput.swift */; };
		046C24D81C9C21720047D011 /* WheelOutput.swift in Sources */ = {isa = PBXBuildFile; fileRef = 046C24D71C9C21720047D011 /* WheelOutput.swift */; };
		04E6E94F1C9DBA27007D9812 /* WheelsInput.swift in Sources */ = {isa = PBXBuildFile; fileRef = 04E6E94E1C9DBA27007D9812 /* WheelsInput.swift */; };
		04E6E9511C9DBB63007D9812 /* Assembly.swift in Sources */ = {isa = PBXBuildFile; fileRef = 04E6E9501C9DBB63007D9812 /* Assembly.swift */; };
/* End PBXBuildFile section */

/* Begin PBXFileReference section */
		046C24B21C9C1EBB0047D011 /* Protocols.app */ = {isa = PBXFileReference; explicitFileType = wrapper.application; includeInIndex = 0; path = Protocols.app; sourceTree = BUILT_PRODUCTS_DIR; };
		046C24B51C9C1EBB0047D011 /* AppDelegate.swift */ = {isa = PBXFileReference; lastKnownFileType = sourcecode.swift; path = AppDelegate.swift; sourceTree = "<group>"; };
		046C24B71C9C1EBB0047D011 /* ViewController.swift */ = {isa = PBXFileReference; lastKnownFileType = sourcecode.swift; path = ViewController.swift; sourceTree = "<group>"; };
		046C24BA1C9C1EBB0047D011 /* Base */ = {isa = PBXFileReference; lastKnownFileType = file.storyboard; name = Base; path = Base.lproj/Main.storyboard; sourceTree = "<group>"; };
		046C24BC1C9C1EBB0047D011 /* Assets.xcassets */ = {isa = PBXFileReference; lastKnownFileType = folder.assetcatalog; path = Assets.xcassets; sourceTree = "<group>"; };
		046C24BF1C9C1EBB0047D011 /* Base */ = {isa = PBXFileReference; lastKnownFileType = file.storyboard; name = Base; path = Base.lproj/LaunchScreen.storyboard; sourceTree = "<group>"; };
		046C24C11C9C1EBB0047D011 /* Info.plist */ = {isa = PBXFileReference; lastKnownFileType = text.plist.xml; path = Info.plist; sourceTree = "<group>"; };
		046C24C71C9C1F8F0047D011 /* Auto.swift */ = {isa = PBXFileReference; fileEncoding = 4; lastKnownFileType = sourcecode.swift; path = Auto.swift; sourceTree = "<group>"; };
		046C24C91C9C1FBC0047D011 /* Engine.swift */ = {isa = PBXFileReference; fileEncoding = 4; lastKnownFileType = sourcecode.swift; path = Engine.swift; sourceTree = "<group>"; };
		046C24CB1C9C1FD20047D011 /* Axis.swift */ = {isa = PBXFileReference; fileEncoding = 4; lastKnownFileType = sourcecode.swift; path = Axis.swift; sourceTree = "<group>"; };
		046C24CD1C9C1FE50047D011 /* Wheel.swift */ = {isa = PBXFileReference; fileEncoding = 4; lastKnownFileType = sourcecode.swift; path = Wheel.swift; sourceTree = "<group>"; };
		046C24CF1C9C20D10047D011 /* Rotateble.swift */ = {isa = PBXFileReference; fileEncoding = 4; lastKnownFileType = sourcecode.swift; path = Rotateble.swift; sourceTree = "<group>"; };
		046C24D11C9C21020047D011 /* EngineInput.swift */ = {isa = PBXFileReference; fileEncoding = 4; lastKnownFileType = sourcecode.swift; path = EngineInput.swift; sourceTree = "<group>"; };
		046C24D51C9C214A0047D011 /* AxisOutput.swift */ = {isa = PBXFileReference; fileEncoding = 4; lastKnownFileType = sourcecode.swift; path = AxisOutput.swift; sourceTree = "<group>"; };
		046C24D71C9C21720047D011 /* WheelOutput.swift */ = {isa = PBXFileReference; fileEncoding = 4; lastKnownFileType = sourcecode.swift; path = WheelOutput.swift; sourceTree = "<group>"; };
		04E6E94E1C9DBA27007D9812 /* WheelsInput.swift */ = {isa = PBXFileReference; fileEncoding = 4; lastKnownFileType = sourcecode.swift; path = WheelsInput.swift; sourceTree = "<group>"; };
		04E6E9501C9DBB63007D9812 /* Assembly.swift */ = {isa = PBXFileReference; fileEncoding = 4; lastKnownFileType = sourcecode.swift; path = Assembly.swift; sourceTree = "<group>"; };
/* End PBXFileReference section */

/* Begin PBXFrameworksBuildPhase section */
		046C24AF1C9C1EBB0047D011 /* Frameworks */ = {
			isa = PBXFrameworksBuildPhase;
			buildActionMask = 2147483647;
			files = (
			);
			runOnlyForDeploymentPostprocessing = 0;
		};
/* End PBXFrameworksBuildPhase section */

/* Begin PBXGroup section */
		046C24A91C9C1EBB0047D011 = {
			isa = PBXGroup;
			children = (
				046C24B41C9C1EBB0047D011 /* Protocols */,
				046C24B31C9C1EBB0047D011 /* Products */,
			);
			sourceTree = "<group>";
		};
		046C24B31C9C1EBB0047D011 /* Products */ = {
			isa = PBXGroup;
			children = (
				046C24B21C9C1EBB0047D011 /* Protocols.app */,
			);
			name = Products;
			sourceTree = "<group>";
		};
		046C24B41C9C1EBB0047D011 /* Protocols */ = {
			isa = PBXGroup;
			children = (
				046C24B51C9C1EBB0047D011 /* AppDelegate.swift */,
				046C24B71C9C1EBB0047D011 /* ViewController.swift */,
				04E6E9501C9DBB63007D9812 /* Assembly.swift */,
				046C24CF1C9C20D10047D011 /* Rotateble.swift */,
				046C24C71C9C1F8F0047D011 /* Auto.swift */,
				046C24D11C9C21020047D011 /* EngineInput.swift */,
				046C24C91C9C1FBC0047D011 /* Engine.swift */,
				046C24D51C9C214A0047D011 /* AxisOutput.swift */,
				046C24CB1C9C1FD20047D011 /* Axis.swift */,
				046C24D71C9C21720047D011 /* WheelOutput.swift */,
				04E6E94E1C9DBA27007D9812 /* WheelsInput.swift */,
				046C24CD1C9C1FE50047D011 /* Wheel.swift */,
				046C24B91C9C1EBB0047D011 /* Main.storyboard */,
				046C24BC1C9C1EBB0047D011 /* Assets.xcassets */,
				046C24BE1C9C1EBB0047D011 /* LaunchScreen.storyboard */,
				046C24C11C9C1EBB0047D011 /* Info.plist */,
			);
			path = Protocols;
			sourceTree = "<group>";
		};
/* End PBXGroup section */

/* Begin PBXNativeTarget section */
		046C24B11C9C1EBB0047D011 /* Protocols */ = {
			isa = PBXNativeTarget;
			buildConfigurationList = 046C24C41C9C1EBB0047D011 /* Build configuration list for PBXNativeTarget "Protocols" */;
			buildPhases = (
				046C24AE1C9C1EBB0047D011 /* Sources */,
				046C24AF1C9C1EBB0047D011 /* Frameworks */,
				046C24B01C9C1EBB0047D011 /* Resources */,
			);
			buildRules = (
			);
			dependencies = (
			);
			name = Protocols;
			productName = Protocols;
			productReference = 046C24B21C9C1EBB0047D011 /* Protocols.app */;
			productType = "com.apple.product-type.application";
		};
/* End PBXNativeTarget section */

/* Begin PBXProject section */
		046C24AA1C9C1EBB0047D011 /* Project object */ = {
			isa = PBXProject;
			attributes = {
				LastSwiftUpdateCheck = 0710;
				LastUpgradeCheck = 0710;
				ORGANIZATIONNAME = "Starikov Evgen";
				TargetAttributes = {
					046C24B11C9C1EBB0047D011 = {
						CreatedOnToolsVersion = 7.1;
					};
				};
			};
			buildConfigurationList = 046C24AD1C9C1EBB0047D011 /* Build configuration list for PBXProject "Protocols" */;
			compatibilityVersion = "Xcode 3.2";
			developmentRegion = English;
			hasScannedForEncodings = 0;
			knownRegions = (
				en,
				Base,
			);
			mainGroup = 046C24A91C9C1EBB0047D011;
			productRefGroup = 046C24B31C9C1EBB0047D011 /* Products */;
			projectDirPath = "";
			projectRoot = "";
			targets = (
				046C24B11C9C1EBB0047D011 /* Protocols */,
			);
		};
/* End PBXProject section */

/* Begin PBXResourcesBuildPhase section */
		046C24B01C9C1EBB0047D011 /* Resources */ = {
			isa = PBXResourcesBuildPhase;
			buildActionMask = 2147483647;
			files = (
				046C24C01C9C1EBB0047D011 /* LaunchScreen.storyboard in Resources */,
				046C24BD1C9C1EBB0047D011 /* Assets.xcassets in Resources */,
				046C24BB1C9C1EBB0047D011 /* Main.storyboard in Resources */,
			);
			runOnlyForDeploymentPostprocessing = 0;
		};
/* End PBXResourcesBuildPhase section */

/* Begin PBXSourcesBuildPhase section */
		046C24AE1C9C1EBB0047D011 /* Sources */ = {
			isa = PBXSourcesBuildPhase;
			buildActionMask = 2147483647;
			files = (
				046C24D61C9C214A0047D011 /* AxisOutput.swift in Sources */,
				04E6E9511C9DBB63007D9812 /* Assembly.swift in Sources */,
				046C24B81C9C1EBB0047D011 /* ViewController.swift in Sources */,
				046C24CC1C9C1FD20047D011 /* Axis.swift in Sources */,
				046C24D21C9C21020047D011 /* EngineInput.swift in Sources */,
				046C24CA1C9C1FBC0047D011 /* Engine.swift in Sources */,
				046C24D01C9C20D10047D011 /* Rotateble.swift in Sources */,
				046C24D81C9C21720047D011 /* WheelOutput.swift in Sources */,
				04E6E94F1C9DBA27007D9812 /* WheelsInput.swift in Sources */,
				046C24CE1C9C1FE50047D011 /* Wheel.swift in Sources */,
				046C24B61C9C1EBB0047D011 /* AppDelegate.swift in Sources */,
				046C24C81C9C1F8F0047D011 /* Auto.swift in Sources */,
			);
			runOnlyForDeploymentPostprocessing = 0;
		};
/* End PBXSourcesBuildPhase section */

/* Begin PBXVariantGroup section */
		046C24B91C9C1EBB0047D011 /* Main.storyboard */ = {
			isa = PBXVariantGroup;
			children = (
				046C24BA1C9C1EBB0047D011 /* Base */,
			);
			name = Main.storyboard;
			sourceTree = "<group>";
		};
		046C24BE1C9C1EBB0047D011 /* LaunchScreen.storyboard */ = {
			isa = PBXVariantGroup;
			children = (
				046C24BF1C9C1EBB0047D011 /* Base */,
			);
			name = LaunchScreen.storyboard;
			sourceTree = "<group>";
		};
/* End PBXVariantGroup section */

/* Begin XCBuildConfiguration section */
		046C24C21C9C1EBB0047D011 /* Debug */ = {
			isa = XCBuildConfiguration;
			buildSettings = {
				ALWAYS_SEARCH_USER_PATHS = NO;
				CLANG_CXX_LANGUAGE_STANDARD = "gnu++0x";
				CLANG_CXX_LIBRARY = "libc++";
				CLANG_ENABLE_MODULES = YES;
				CLANG_ENABLE_OBJC_ARC = YES;
				CLANG_WARN_BOOL_CONVERSION = YES;
				CLANG_WARN_CONSTANT_CONVERSION = YES;
				CLANG_WARN_DIRECT_OBJC_ISA_USAGE = YES_ERROR;
				CLANG_WARN_EMPTY_BODY = YES;
				CLANG_WARN_ENUM_CONVERSION = YES;
				CLANG_WARN_INT_CONVERSION = YES;
				CLANG_WARN_OBJC_ROOT_CLASS = YES_ERROR;
				CLANG_WARN_UNREACHABLE_CODE = YES;
				CLANG_WARN__DUPLICATE_METHOD_MATCH = YES;
				"CODE_SIGN_IDENTITY[sdk=iphoneos*]" = "iPhone Developer";
				COPY_PHASE_STRIP = NO;
				DEBUG_INFORMATION_FORMAT = dwarf;
				ENABLE_STRICT_OBJC_MSGSEND = YES;
				ENABLE_TESTABILITY = YES;
				GCC_C_LANGUAGE_STANDARD = gnu99;
				GCC_DYNAMIC_NO_PIC = NO;
				GCC_NO_COMMON_BLOCKS = YES;
				GCC_OPTIMIZATION_LEVEL = 0;
				GCC_PREPROCESSOR_DEFINITIONS = (
					"DEBUG=1",
					"$(inherited)",
				);
				GCC_WARN_64_TO_32_BIT_CONVERSION = YES;
				GCC_WARN_ABOUT_RETURN_TYPE = YES_ERROR;
				GCC_WARN_UNDECLARED_SELECTOR = YES;
				GCC_WARN_UNINITIALIZED_AUTOS = YES_AGGRESSIVE;
				GCC_WARN_UNUSED_FUNCTION = YES;
				GCC_WARN_UNUSED_VARIABLE = YES;
				IPHONEOS_DEPLOYMENT_TARGET = 9.1;
				MTL_ENABLE_DEBUG_INFO = YES;
				ONLY_ACTIVE_ARCH = YES;
				SDKROOT = iphoneos;
				SWIFT_OPTIMIZATION_LEVEL = "-Onone";
			};
			name = Debug;
		};
		046C24C31C9C1EBB0047D011 /* Release */ = {
			isa = XCBuildConfiguration;
			buildSettings = {
				ALWAYS_SEARCH_USER_PATHS = NO;
				CLANG_CXX_LANGUAGE_STANDARD = "gnu++0x";
				CLANG_CXX_LIBRARY = "libc++";
				CLANG_ENABLE_MODULES = YES;
				CLANG_ENABLE_OBJC_ARC = YES;
				CLANG_WARN_BOOL_CONVERSION = YES;
				CLANG_WARN_CONSTANT_CONVERSION = YES;
				CLANG_WARN_DIRECT_OBJC_ISA_USAGE = YES_ERROR;
				CLANG_WARN_EMPTY_BODY = YES;
				CLANG_WARN_ENUM_CONVERSION = YES;
				CLANG_WARN_INT_CONVERSION = YES;
				CLANG_WARN_OBJC_ROOT_CLASS = YES_ERROR;
				CLANG_WARN_UNREACHABLE_CODE = YES;
				CLANG_WARN__DUPLICATE_METHOD_MATCH = YES;
				"CODE_SIGN_IDENTITY[sdk=iphoneos*]" = "iPhone Developer";
				COPY_PHASE_STRIP = NO;
				DEBUG_INFORMATION_FORMAT = "dwarf-with-dsym";
				ENABLE_NS_ASSERTIONS = NO;
				ENABLE_STRICT_OBJC_MSGSEND = YES;
				GCC_C_LANGUAGE_STANDARD = gnu99;
				GCC_NO_COMMON_BLOCKS = YES;
				GCC_WARN_64_TO_32_BIT_CONVERSION = YES;
				GCC_WARN_ABOUT_RETURN_TYPE = YES_ERROR;
				GCC_WARN_UNDECLARED_SELECTOR = YES;
				GCC_WARN_UNINITIALIZED_AUTOS = YES_AGGRESSIVE;
				GCC_WARN_UNUSED_FUNCTION = YES;
				GCC_WARN_UNUSED_VARIABLE = YES;
				IPHONEOS_DEPLOYMENT_TARGET = 9.1;
				MTL_ENABLE_DEBUG_INFO = NO;
				SDKROOT = iphoneos;
				VALIDATE_PRODUCT = YES;
			};
			name = Release;
		};
		046C24C51C9C1EBB0047D011 /* Debug */ = {
			isa = XCBuildConfiguration;
			buildSettings = {
				ASSETCATALOG_COMPILER_APPICON_NAME = AppIcon;
				INFOPLIST_FILE = Protocols/Info.plist;
				LD_RUNPATH_SEARCH_PATHS = "$(inherited) @executable_path/Frameworks";
				PRODUCT_BUNDLE_IDENTIFIER = "Starikov-Evgen.Protocols";
				PRODUCT_NAME = "$(TARGET_NAME)";
			};
			name = Debug;
		};
		046C24C61C9C1EBB0047D011 /* Release */ = {
			isa = XCBuildConfiguration;
			buildSettings = {
				ASSETCATALOG_COMPILER_APPICON_NAME = AppIcon;
				INFOPLIST_FILE = Protocols/Info.plist;
				LD_RUNPATH_SEARCH_PATHS = "$(inherited) @executable_path/Frameworks";
				PRODUCT_BUNDLE_IDENTIFIER = "Starikov-Evgen.Protocols";
				PRODUCT_NAME = "$(TARGET_NAME)";
			};
			name = Release;
		};
/* End XCBuildConfiguration section */

/* Begin XCConfigurationList section */
		046C24AD1C9C1EBB0047D011 /* Build configuration list for PBXProject "Protocols" */ = {
			isa = XCConfigurationList;
			buildConfigurations = (
				046C24C21C9C1EBB0047D011 /* Debug */,
				046C24C31C9C1EBB0047D011 /* Release */,
			);
			defaultConfigurationIsVisible = 0;
			defaultConfigurationName = Release;
		};
		046C24C41C9C1EBB0047D011 /* Build configuration list for PBXNativeTarget "Protocols" */ = {
			isa = XCConfigurationList;
			buildConfigurations = (
				046C24C51C9C1EBB0047D011 /* Debug */,
				046C24C61C9C1EBB0047D011 /* Release */,
			);
			defaultConfigurationIsVisible = 0;
			defaultConfigurationName = Release;
		};
/* End XCConfigurationList section */
	};
	rootObject = 046C24AA1C9C1EBB0047D011 /* Project object */;
}
